// !$*UTF8*$!
{
	archiveVersion = 1;
	classes = {
	};
	objectVersion = 77;
	objects = {

/* Begin PBXContainerItemProxy section */
		A73DA4532E49D5E500CDBBEB /* PBXContainerItemProxy */ = {
			isa = PBXContainerItemProxy;
			containerPortal = A73DA43D2E49D5E400CDBBEB /* Project object */;
			proxyType = 1;
			remoteGlobalIDString = A73DA4442E49D5E400CDBBEB;
			remoteInfo = "QRCode-Generator";
		};
		A73DA45D2E49D5E500CDBBEB /* PBXContainerItemProxy */ = {
			isa = PBXContainerItemProxy;
			containerPortal = A73DA43D2E49D5E400CDBBEB /* Project object */;
			proxyType = 1;
			remoteGlobalIDString = A73DA4442E49D5E400CDBBEB;
			remoteInfo = "QRCode-Generator";
		};
/* End PBXContainerItemProxy section */

/* Begin PBXFileReference section */
		A73DA4452E49D5E400CDBBEB /* QRCode-Generator.app */ = {isa = PBXFileReference; explicitFileType = wrapper.application; includeInIndex = 0; path = "QRCode-Generator.app"; sourceTree = BUILT_PRODUCTS_DIR; };
		A73DA4522E49D5E500CDBBEB /* QRCode-GeneratorTests.xctest */ = {isa = PBXFileReference; explicitFileType = wrapper.cfbundle; includeInIndex = 0; path = "QRCode-GeneratorTests.xctest"; sourceTree = BUILT_PRODUCTS_DIR; };
		A73DA45C2E49D5E500CDBBEB /* QRCode-GeneratorUITests.xctest */ = {isa = PBXFileReference; explicitFileType = wrapper.cfbundle; includeInIndex = 0; path = "QRCode-GeneratorUITests.xctest"; sourceTree = BUILT_PRODUCTS_DIR; };
/* End PBXFileReference section */

/* Begin PBXFileSystemSynchronizedRootGroup section */
		A73DA4472E49D5E400CDBBEB /* QRCode-Generator */ = {
			isa = PBXFileSystemSynchronizedRootGroup;
			path = "QRCode-Generator";
			sourceTree = "<group>";
		};
		A73DA4552E49D5E500CDBBEB /* QRCode-GeneratorTests */ = {
			isa = PBXFileSystemSynchronizedRootGroup;
			path = "QRCode-GeneratorTests";
			sourceTree = "<group>";
		};
		A73DA45F2E49D5E500CDBBEB /* QRCode-GeneratorUITests */ = {
			isa = PBXFileSystemSynchronizedRootGroup;
			path = "QRCode-GeneratorUITests";
			sourceTree = "<group>";
		};
/* End PBXFileSystemSynchronizedRootGroup section */

/* Begin PBXFrameworksBuildPhase section */
		A73DA4422E49D5E400CDBBEB /* Frameworks */ = {
			isa = PBXFrameworksBuildPhase;
			buildActionMask = 2147483647;
			files = (
			);
			runOnlyForDeploymentPostprocessing = 0;
		};
		A73DA44F2E49D5E500CDBBEB /* Frameworks */ = {
			isa = PBXFrameworksBuildPhase;
			buildActionMask = 2147483647;
			files = (
			);
			runOnlyForDeploymentPostprocessing = 0;
		};
		A73DA4592E49D5E500CDBBEB /* Frameworks */ = {
			isa = PBXFrameworksBuildPhase;
			buildActionMask = 2147483647;
			files = (
			);
			runOnlyForDeploymentPostprocessing = 0;
		};
/* End PBXFrameworksBuildPhase section */

/* Begin PBXGroup section */
		A73DA43C2E49D5E400CDBBEB = {
			isa = PBXGroup;
			children = (
				A73DA4472E49D5E400CDBBEB /* QRCode-Generator */,
				A73DA4552E49D5E500CDBBEB /* QRCode-GeneratorTests */,
				A73DA45F2E49D5E500CDBBEB /* QRCode-GeneratorUITests */,
				A73DA4462E49D5E400CDBBEB /* Products */,
			);
			sourceTree = "<group>";
		};
		A73DA4462E49D5E400CDBBEB /* Products */ = {
			isa = PBXGroup;
			children = (
				A73DA4452E49D5E400CDBBEB /* QRCode-Generator.app */,
				A73DA4522E49D5E500CDBBEB /* QRCode-GeneratorTests.xctest */,
				A73DA45C2E49D5E500CDBBEB /* QRCode-GeneratorUITests.xctest */,
			);
			name = Products;
			sourceTree = "<group>";
		};
/* End PBXGroup section */

/* Begin PBXNativeTarget section */
		A73DA4442E49D5E400CDBBEB /* QRCode-Generator */ = {
			isa = PBXNativeTarget;
			buildConfigurationList = A73DA4662E49D5E500CDBBEB /* Build configuration list for PBXNativeTarget "QRCode-Generator" */;
			buildPhases = (
				A73DA4412E49D5E400CDBBEB /* Sources */,
				A73DA4422E49D5E400CDBBEB /* Frameworks */,
				A73DA4432E49D5E400CDBBEB /* Resources */,
			);
			buildRules = (
			);
			dependencies = (
			);
			fileSystemSynchronizedGroups = (
				A73DA4472E49D5E400CDBBEB /* QRCode-Generator */,
			);
			name = "QRCode-Generator";
			packageProductDependencies = (
			);
			productName = "QRCode-Generator";
			productReference = A73DA4452E49D5E400CDBBEB /* QRCode-Generator.app */;
			productType = "com.apple.product-type.application";
		};
		A73DA4512E49D5E500CDBBEB /* QRCode-GeneratorTests */ = {
			isa = PBXNativeTarget;
			buildConfigurationList = A73DA4692E49D5E500CDBBEB /* Build configuration list for PBXNativeTarget "QRCode-GeneratorTests" */;
			buildPhases = (
				A73DA44E2E49D5E500CDBBEB /* Sources */,
				A73DA44F2E49D5E500CDBBEB /* Frameworks */,
				A73DA4502E49D5E500CDBBEB /* Resources */,
			);
			buildRules = (
			);
			dependencies = (
				A73DA4542E49D5E500CDBBEB /* PBXTargetDependency */,
			);
			fileSystemSynchronizedGroups = (
				A73DA4552E49D5E500CDBBEB /* QRCode-GeneratorTests */,
			);
			name = "QRCode-GeneratorTests";
			packageProductDependencies = (
			);
			productName = "QRCode-GeneratorTests";
			productReference = A73DA4522E49D5E500CDBBEB /* QRCode-GeneratorTests.xctest */;
			productType = "com.apple.product-type.bundle.unit-test";
		};
		A73DA45B2E49D5E500CDBBEB /* QRCode-GeneratorUITests */ = {
			isa = PBXNativeTarget;
			buildConfigurationList = A73DA46C2E49D5E500CDBBEB /* Build configuration list for PBXNativeTarget "QRCode-GeneratorUITests" */;
			buildPhases = (
				A73DA4582E49D5E500CDBBEB /* Sources */,
				A73DA4592E49D5E500CDBBEB /* Frameworks */,
				A73DA45A2E49D5E500CDBBEB /* Resources */,
			);
			buildRules = (
			);
			dependencies = (
				A73DA45E2E49D5E500CDBBEB /* PBXTargetDependency */,
			);
			fileSystemSynchronizedGroups = (
				A73DA45F2E49D5E500CDBBEB /* QRCode-GeneratorUITests */,
			);
			name = "QRCode-GeneratorUITests";
			packageProductDependencies = (
			);
			productName = "QRCode-GeneratorUITests";
			productReference = A73DA45C2E49D5E500CDBBEB /* QRCode-GeneratorUITests.xctest */;
			productType = "com.apple.product-type.bundle.ui-testing";
		};
/* End PBXNativeTarget section */

/* Begin PBXProject section */
		A73DA43D2E49D5E400CDBBEB /* Project object */ = {
			isa = PBXProject;
			attributes = {
				BuildIndependentTargetsInParallel = 1;
				LastSwiftUpdateCheck = 1630;
				LastUpgradeCheck = 1630;
				TargetAttributes = {
					A73DA4442E49D5E400CDBBEB = {
						CreatedOnToolsVersion = 16.3;
					};
					A73DA4512E49D5E500CDBBEB = {
						CreatedOnToolsVersion = 16.3;
						TestTargetID = A73DA4442E49D5E400CDBBEB;
					};
					A73DA45B2E49D5E500CDBBEB = {
						CreatedOnToolsVersion = 16.3;
						TestTargetID = A73DA4442E49D5E400CDBBEB;
					};
				};
			};
			buildConfigurationList = A73DA4402E49D5E400CDBBEB /* Build configuration list for PBXProject "QRCode-Generator" */;
			developmentRegion = en;
			hasScannedForEncodings = 0;
			knownRegions = (
				en,
				Base,
			);
			mainGroup = A73DA43C2E49D5E400CDBBEB;
			minimizedProjectReferenceProxies = 1;
			preferredProjectObjectVersion = 77;
			productRefGroup = A73DA4462E49D5E400CDBBEB /* Products */;
			projectDirPath = "";
			projectRoot = "";
			targets = (
				A73DA4442E49D5E400CDBBEB /* QRCode-Generator */,
				A73DA4512E49D5E500CDBBEB /* QRCode-GeneratorTests */,
				A73DA45B2E49D5E500CDBBEB /* QRCode-GeneratorUITests */,
			);
		};
/* End PBXProject section */

/* Begin PBXResourcesBuildPhase section */
		A73DA4432E49D5E400CDBBEB /* Resources */ = {
			isa = PBXResourcesBuildPhase;
			buildActionMask = 2147483647;
			files = (
			);
			runOnlyForDeploymentPostprocessing = 0;
		};
		A73DA4502E49D5E500CDBBEB /* Resources */ = {
			isa = PBXResourcesBuildPhase;
			buildActionMask = 2147483647;
			files = (
			);
			runOnlyForDeploymentPostprocessing = 0;
		};
		A73DA45A2E49D5E500CDBBEB /* Resources */ = {
			isa = PBXResourcesBuildPhase;
			buildActionMask = 2147483647;
			files = (
			);
			runOnlyForDeploymentPostprocessing = 0;
		};
/* End PBXResourcesBuildPhase section */

/* Begin PBXSourcesBuildPhase section */
		A73DA4412E49D5E400CDBBEB /* Sources */ = {
			isa = PBXSourcesBuildPhase;
			buildActionMask = 2147483647;
			files = (
			);
			runOnlyForDeploymentPostprocessing = 0;
		};
		A73DA44E2E49D5E500CDBBEB /* Sources */ = {
			isa = PBXSourcesBuildPhase;
			buildActionMask = 2147483647;
			files = (
			);
			runOnlyForDeploymentPostprocessing = 0;
		};
		A73DA4582E49D5E500CDBBEB /* Sources */ = {
			isa = PBXSourcesBuildPhase;
			buildActionMask = 2147483647;
			files = (
			);
			runOnlyForDeploymentPostprocessing = 0;
		};
/* End PBXSourcesBuildPhase section */

/* Begin PBXTargetDependency section */
		A73DA4542E49D5E500CDBBEB /* PBXTargetDependency */ = {
			isa = PBXTargetDependency;
			target = A73DA4442E49D5E400CDBBEB /* QRCode-Generator */;
			targetProxy = A73DA4532E49D5E500CDBBEB /* PBXContainerItemProxy */;
		};
		A73DA45E2E49D5E500CDBBEB /* PBXTargetDependency */ = {
			isa = PBXTargetDependency;
			target = A73DA4442E49D5E400CDBBEB /* QRCode-Generator */;
			targetProxy = A73DA45D2E49D5E500CDBBEB /* PBXContainerItemProxy */;
		};
/* End PBXTargetDependency section */

/* Begin XCBuildConfiguration section */
		A73DA4642E49D5E500CDBBEB /* Debug */ = {
			isa = XCBuildConfiguration;
			buildSettings = {
				ALWAYS_SEARCH_USER_PATHS = NO;
				ASSETCATALOG_COMPILER_GENERATE_SWIFT_ASSET_SYMBOL_EXTENSIONS = YES;
				CLANG_ANALYZER_NONNULL = YES;
				CLANG_ANALYZER_NUMBER_OBJECT_CONVERSION = YES_AGGRESSIVE;
				CLANG_CXX_LANGUAGE_STANDARD = "gnu++20";
				CLANG_ENABLE_MODULES = YES;
				CLANG_ENABLE_OBJC_ARC = YES;
				CLANG_ENABLE_OBJC_WEAK = YES;
				CLANG_WARN_BLOCK_CAPTURE_AUTORELEASING = YES;
				CLANG_WARN_BOOL_CONVERSION = YES;
				CLANG_WARN_COMMA = YES;
				CLANG_WARN_CONSTANT_CONVERSION = YES;
				CLANG_WARN_DEPRECATED_OBJC_IMPLEMENTATIONS = YES;
				CLANG_WARN_DIRECT_OBJC_ISA_USAGE = YES_ERROR;
				CLANG_WARN_DOCUMENTATION_COMMENTS = YES;
				CLANG_WARN_EMPTY_BODY = YES;
				CLANG_WARN_ENUM_CONVERSION = YES;
				CLANG_WARN_INFINITE_RECURSION = YES;
				CLANG_WARN_INT_CONVERSION = YES;
				CLANG_WARN_NON_LITERAL_NULL_CONVERSION = YES;
				CLANG_WARN_OBJC_IMPLICIT_RETAIN_SELF = YES;
				CLANG_WARN_OBJC_LITERAL_CONVERSION = YES;
				CLANG_WARN_OBJC_ROOT_CLASS = YES_ERROR;
				CLANG_WARN_QUOTED_INCLUDE_IN_FRAMEWORK_HEADER = YES;
				CLANG_WARN_RANGE_LOOP_ANALYSIS = YES;
				CLANG_WARN_STRICT_PROTOTYPES = YES;
				CLANG_WARN_SUSPICIOUS_MOVE = YES;
				CLANG_WARN_UNGUARDED_AVAILABILITY = YES_AGGRESSIVE;
				CLANG_WARN_UNREACHABLE_CODE = YES;
				CLANG_WARN__DUPLICATE_METHOD_MATCH = YES;
				COPY_PHASE_STRIP = NO;
				DEBUG_INFORMATION_FORMAT = dwarf;
				DEVELOPMENT_TEAM = A5WYC29AF3;
				ENABLE_STRICT_OBJC_MSGSEND = YES;
				ENABLE_TESTABILITY = YES;
				ENABLE_USER_SCRIPT_SANDBOXING = YES;
				GCC_C_LANGUAGE_STANDARD = gnu17;
				GCC_DYNAMIC_NO_PIC = NO;
				GCC_NO_COMMON_BLOCKS = YES;
				GCC_OPTIMIZATION_LEVEL = 0;
				GCC_PREPROCESSOR_DEFINITIONS = (
					"DEBUG=1",
					"$(inherited)",
				);
				GCC_WARN_64_TO_32_BIT_CONVERSION = YES;
				GCC_WARN_ABOUT_RETURN_TYPE = YES_ERROR;
				GCC_WARN_UNDECLARED_SELECTOR = YES;
				GCC_WARN_UNINITIALIZED_AUTOS = YES_AGGRESSIVE;
				GCC_WARN_UNUSED_FUNCTION = YES;
				GCC_WARN_UNUSED_VARIABLE = YES;
				IPHONEOS_DEPLOYMENT_TARGET = 18.4;
				LOCALIZATION_PREFERS_STRING_CATALOGS = YES;
				MTL_ENABLE_DEBUG_INFO = INCLUDE_SOURCE;
				MTL_FAST_MATH = YES;
				ONLY_ACTIVE_ARCH = YES;
				SDKROOT = iphoneos;
				SWIFT_ACTIVE_COMPILATION_CONDITIONS = "DEBUG $(inherited)";
				SWIFT_OPTIMIZATION_LEVEL = "-Onone";
			};
			name = Debug;
		};
		A73DA4652E49D5E500CDBBEB /* Release */ = {
			isa = XCBuildConfiguration;
			buildSettings = {
				ALWAYS_SEARCH_USER_PATHS = NO;
				ASSETCATALOG_COMPILER_GENERATE_SWIFT_ASSET_SYMBOL_EXTENSIONS = YES;
				CLANG_ANALYZER_NONNULL = YES;
				CLANG_ANALYZER_NUMBER_OBJECT_CONVERSION = YES_AGGRESSIVE;
				CLANG_CXX_LANGUAGE_STANDARD = "gnu++20";
				CLANG_ENABLE_MODULES = YES;
				CLANG_ENABLE_OBJC_ARC = YES;
				CLANG_ENABLE_OBJC_WEAK = YES;
				CLANG_WARN_BLOCK_CAPTURE_AUTORELEASING = YES;
				CLANG_WARN_BOOL_CONVERSION = YES;
				CLANG_WARN_COMMA = YES;
				CLANG_WARN_CONSTANT_CONVERSION = YES;
				CLANG_WARN_DEPRECATED_OBJC_IMPLEMENTATIONS = YES;
				CLANG_WARN_DIRECT_OBJC_ISA_USAGE = YES_ERROR;
				CLANG_WARN_DOCUMENTATION_COMMENTS = YES;
				CLANG_WARN_EMPTY_BODY = YES;
				CLANG_WARN_ENUM_CONVERSION = YES;
				CLANG_WARN_INFINITE_RECURSION = YES;
				CLANG_WARN_INT_CONVERSION = YES;
				CLANG_WARN_NON_LITERAL_NULL_CONVERSION = YES;
				CLANG_WARN_OBJC_IMPLICIT_RETAIN_SELF = YES;
				CLANG_WARN_OBJC_LITERAL_CONVERSION = YES;
				CLANG_WARN_OBJC_ROOT_CLASS = YES_ERROR;
				CLANG_WARN_QUOTED_INCLUDE_IN_FRAMEWORK_HEADER = YES;
				CLANG_WARN_RANGE_LOOP_ANALYSIS = YES;
				CLANG_WARN_STRICT_PROTOTYPES = YES;
				CLANG_WARN_SUSPICIOUS_MOVE = YES;
				CLANG_WARN_UNGUARDED_AVAILABILITY = YES_AGGRESSIVE;
				CLANG_WARN_UNREACHABLE_CODE = YES;
				CLANG_WARN__DUPLICATE_METHOD_MATCH = YES;
				COPY_PHASE_STRIP = NO;
				DEBUG_INFORMATION_FORMAT = "dwarf-with-dsym";
				DEVELOPMENT_TEAM = A5WYC29AF3;
				ENABLE_NS_ASSERTIONS = NO;
				ENABLE_STRICT_OBJC_MSGSEND = YES;
				ENABLE_USER_SCRIPT_SANDBOXING = YES;
				GCC_C_LANGUAGE_STANDARD = gnu17;
				GCC_NO_COMMON_BLOCKS = YES;
				GCC_WARN_64_TO_32_BIT_CONVERSION = YES;
				GCC_WARN_ABOUT_RETURN_TYPE = YES_ERROR;
				GCC_WARN_UNDECLARED_SELECTOR = YES;
				GCC_WARN_UNINITIALIZED_AUTOS = YES_AGGRESSIVE;
				GCC_WARN_UNUSED_FUNCTION = YES;
				GCC_WARN_UNUSED_VARIABLE = YES;
				IPHONEOS_DEPLOYMENT_TARGET = 18.4;
				LOCALIZATION_PREFERS_STRING_CATALOGS = YES;
				MTL_ENABLE_DEBUG_INFO = NO;
				MTL_FAST_MATH = YES;
				SDKROOT = iphoneos;
				SWIFT_COMPILATION_MODE = wholemodule;
				VALIDATE_PRODUCT = YES;
			};
			name = Release;
		};
		A73DA4672E49D5E500CDBBEB /* Debug */ = {
			isa = XCBuildConfiguration;
			buildSettings = {
				ASSETCATALOG_COMPILER_APPICON_NAME = AppIcon;
				ASSETCATALOG_COMPILER_GLOBAL_ACCENT_COLOR_NAME = AccentColor;
				CODE_SIGN_STYLE = Automatic;
				CURRENT_PROJECT_VERSION = 1;
				DEVELOPMENT_TEAM = A5WYC29AF3;
				ENABLE_PREVIEWS = YES;
				GENERATE_INFOPLIST_FILE = YES;
				INFOPLIST_KEY_UIApplicationSceneManifest_Generation = YES;
				INFOPLIST_KEY_UIApplicationSupportsIndirectInputEvents = YES;
				INFOPLIST_KEY_UILaunchScreen_Generation = YES;
				INFOPLIST_KEY_UISupportedInterfaceOrientations_iPad = "UIInterfaceOrientationPortrait UIInterfaceOrientationPortraitUpsideDown UIInterfaceOrientationLandscapeLeft UIInterfaceOrientationLandscapeRight";
				INFOPLIST_KEY_UISupportedInterfaceOrientations_iPhone = "UIInterfaceOrientationPortrait UIInterfaceOrientationLandscapeLeft UIInterfaceOrientationLandscapeRight";
				LD_RUNPATH_SEARCH_PATHS = (
					"$(inherited)",
					"@executable_path/Frameworks",
				);
				MARKETING_VERSION = 1.0;
				PRODUCT_BUNDLE_IDENTIFIER = "com.QRCode-Generator";
				PRODUCT_NAME = "$(TARGET_NAME)";
				SWIFT_EMIT_LOC_STRINGS = YES;
				SWIFT_VERSION = 5.0;
				TARGETED_DEVICE_FAMILY = "1,2";
			};
			name = Debug;
		};
		A73DA4682E49D5E500CDBBEB /* Release */ = {
			isa = XCBuildConfiguration;
			buildSettings = {
				ASSETCATALOG_COMPILER_APPICON_NAME = AppIcon;
				ASSETCATALOG_COMPILER_GLOBAL_ACCENT_COLOR_NAME = AccentColor;
				CODE_SIGN_STYLE = Automatic;
				CURRENT_PROJECT_VERSION = 1;
				DEVELOPMENT_TEAM = A5WYC29AF3;
				ENABLE_PREVIEWS = YES;
				GENERATE_INFOPLIST_FILE = YES;
				INFOPLIST_KEY_UIApplicationSceneManifest_Generation = YES;
				INFOPLIST_KEY_UIApplicationSupportsIndirectInputEvents = YES;
				INFOPLIST_KEY_UILaunchScreen_Generation = YES;
				INFOPLIST_KEY_UISupportedInterfaceOrientations_iPad = "UIInterfaceOrientationPortrait UIInterfaceOrientationPortraitUpsideDown UIInterfaceOrientationLandscapeLeft UIInterfaceOrientationLandscapeRight";
				INFOPLIST_KEY_UISupportedInterfaceOrientations_iPhone = "UIInterfaceOrientationPortrait UIInterfaceOrientationLandscapeLeft UIInterfaceOrientationLandscapeRight";
				LD_RUNPATH_SEARCH_PATHS = (
					"$(inherited)",
					"@executable_path/Frameworks",
				);
				MARKETING_VERSION = 1.0;
				PRODUCT_BUNDLE_IDENTIFIER = "com.QRCode-Generator";
				PRODUCT_NAME = "$(TARGET_NAME)";
				SWIFT_EMIT_LOC_STRINGS = YES;
				SWIFT_VERSION = 5.0;
				TARGETED_DEVICE_FAMILY = "1,2";
			};
			name = Release;
		};
		A73DA46A2E49D5E500CDBBEB /* Debug */ = {
			isa = XCBuildConfiguration;
			buildSettings = {
				BUNDLE_LOADER = "$(TEST_HOST)";
				CODE_SIGN_STYLE = Automatic;
				CURRENT_PROJECT_VERSION = 1;
				DEVELOPMENT_TEAM = A5WYC29AF3;
				GENERATE_INFOPLIST_FILE = YES;
				IPHONEOS_DEPLOYMENT_TARGET = 18.4;
				MARKETING_VERSION = 1.0;
				PRODUCT_BUNDLE_IDENTIFIER = "com.QRCode-GeneratorTests";
				PRODUCT_NAME = "$(TARGET_NAME)";
				SWIFT_EMIT_LOC_STRINGS = NO;
				SWIFT_VERSION = 5.0;
				TARGETED_DEVICE_FAMILY = "1,2";
				TEST_HOST = "$(BUILT_PRODUCTS_DIR)/QRCode-Generator.app/$(BUNDLE_EXECUTABLE_FOLDER_PATH)/QRCode-Generator";
			};
			name = Debug;
		};
		A73DA46B2E49D5E500CDBBEB /* Release */ = {
			isa = XCBuildConfiguration;
			buildSettings = {
				BUNDLE_LOADER = "$(TEST_HOST)";
				CODE_SIGN_STYLE = Automatic;
				CURRENT_PROJECT_VERSION = 1;
				DEVELOPMENT_TEAM = A5WYC29AF3;
				GENERATE_INFOPLIST_FILE = YES;
				IPHONEOS_DEPLOYMENT_TARGET = 18.4;
				MARKETING_VERSION = 1.0;
				PRODUCT_BUNDLE_IDENTIFIER = "com.QRCode-GeneratorTests";
				PRODUCT_NAME = "$(TARGET_NAME)";
				SWIFT_EMIT_LOC_STRINGS = NO;
				SWIFT_VERSION = 5.0;
				TARGETED_DEVICE_FAMILY = "1,2";
				TEST_HOST = "$(BUILT_PRODUCTS_DIR)/QRCode-Generator.app/$(BUNDLE_EXECUTABLE_FOLDER_PATH)/QRCode-Generator";
			};
			name = Release;
		};
		A73DA46D2E49D5E500CDBBEB /* Debug */ = {
			isa = XCBuildConfiguration;
			buildSettings = {
				CODE_SIGN_STYLE = Automatic;
				CURRENT_PROJECT_VERSION = 1;
				DEVELOPMENT_TEAM = A5WYC29AF3;
				GENERATE_INFOPLIST_FILE = YES;
				MARKETING_VERSION = 1.0;
				PRODUCT_BUNDLE_IDENTIFIER = "com.QRCode-GeneratorUITests";
				PRODUCT_NAME = "$(TARGET_NAME)";
				SWIFT_EMIT_LOC_STRINGS = NO;
				SWIFT_VERSION = 5.0;
				TARGETED_DEVICE_FAMILY = "1,2";
				TEST_TARGET_NAME = "QRCode-Generator";
			};
			name = Debug;
		};
		A73DA46E2E49D5E500CDBBEB /* Release */ = {
			isa = XCBuildConfiguration;
			buildSettings = {
				CODE_SIGN_STYLE = Automatic;
				CURRENT_PROJECT_VERSION = 1;
				DEVELOPMENT_TEAM = A5WYC29AF3;
				GENERATE_INFOPLIST_FILE = YES;
				MARKETING_VERSION = 1.0;
				PRODUCT_BUNDLE_IDENTIFIER = "com.QRCode-GeneratorUITests";
				PRODUCT_NAME = "$(TARGET_NAME)";
				SWIFT_EMIT_LOC_STRINGS = NO;
				SWIFT_VERSION = 5.0;
				TARGETED_DEVICE_FAMILY = "1,2";
				TEST_TARGET_NAME = "QRCode-Generator";
			};
			name = Release;
		};
/* End XCBuildConfiguration section */

/* Begin XCConfigurationList section */
		A73DA4402E49D5E400CDBBEB /* Build configuration list for PBXProject "QRCode-Generator" */ = {
			isa = XCConfigurationList;
			buildConfigurations = (
				A73DA4642E49D5E500CDBBEB /* Debug */,
				A73DA4652E49D5E500CDBBEB /* Release */,
			);
			defaultConfigurationIsVisible = 0;
			defaultConfigurationName = Release;
		};
		A73DA4662E49D5E500CDBBEB /* Build configuration list for PBXNativeTarget "QRCode-Generator" */ = {
			isa = XCConfigurationList;
			buildConfigurations = (
				A73DA4672E49D5E500CDBBEB /* Debug */,
				A73DA4682E49D5E500CDBBEB /* Release */,
			);
			defaultConfigurationIsVisible = 0;
			defaultConfigurationName = Release;
		};
		A73DA4692E49D5E500CDBBEB /* Build configuration list for PBXNativeTarget "QRCode-GeneratorTests" */ = {
			isa = XCConfigurationList;
			buildConfigurations = (
				A73DA46A2E49D5E500CDBBEB /* Debug */,
				A73DA46B2E49D5E500CDBBEB /* Release */,
			);
			defaultConfigurationIsVisible = 0;
			defaultConfigurationName = Release;
		};
		A73DA46C2E49D5E500CDBBEB /* Build configuration list for PBXNativeTarget "QRCode-GeneratorUITests" */ = {
			isa = XCConfigurationList;
			buildConfigurations = (
				A73DA46D2E49D5E500CDBBEB /* Debug */,
				A73DA46E2E49D5E500CDBBEB /* Release */,
			);
			defaultConfigurationIsVisible = 0;
			defaultConfigurationName = Release;
		};
/* End XCConfigurationList section */
	};
	rootObject = A73DA43D2E49D5E400CDBBEB /* Project object */;
}
